
Microsoft Visual Studio Solution File, Format Version 12.00
# Visual Studio Version 17
VisualStudioVersion = 17.11.35219.272
MinimumVisualStudioVersion = 10.0.40219.1
Project("{FAE04EC0-301F-11D3-BF4B-00C04F79EFBC}") = "BookStoreEntry", "BookStoreEntry\BookStoreEntry.csproj", "{068500AD-C756-4511-84AC-5470E05FFB5F}"
EndProject
Global
	GlobalSection(SolutionConfigurationPlatforms) = preSolution
		Debug|Any CPU = Debug|Any CPU
		Release|Any CPU = Release|Any CPU
	EndGlobalSection
	GlobalSection(ProjectConfigurationPlatforms) = postSolution
		{068500AD-C756-4511-84AC-5470E05FFB5F}.Debug|Any CPU.ActiveCfg = Debug|Any CPU
		{068500AD-C756-4511-84AC-5470E05FFB5F}.Debug|Any CPU.Build.0 = Debug|Any CPU
		{068500AD-C756-4511-84AC-5470E05FFB5F}.Release|Any CPU.ActiveCfg = Release|Any CPU
		{068500AD-C756-4511-84AC-5470E05FFB5F}.Release|Any CPU.Build.0 = Release|Any CPU
	EndGlobalSection
	GlobalSection(SolutionProperties) = preSolution
		HideSolutionNode = FALSE
	EndGlobalSection
	GlobalSection(ExtensibilityGlobals) = postSolution
		SolutionGuid = {B3629476-9DA7-4621-BC26-9C1458C4B71B}
	EndGlobalSection
EndGlobal
